// !$*UTF8*$!
{
	archiveVersion = 1;
	classes = {
	};
	objectVersion = 46;
	objects = {

/* Begin PBXBuildFile section */
		49C8A4DB1B4BF0C5009271FF /* AppDelegate.swift in Sources */ = {isa = PBXBuildFile; fileRef = 49C8A4DA1B4BF0C5009271FF /* AppDelegate.swift */; };
		49C8A4DD1B4BF0C5009271FF /* ViewController.swift in Sources */ = {isa = PBXBuildFile; fileRef = 49C8A4DC1B4BF0C5009271FF /* ViewController.swift */; };
		49C8A4E01B4BF0C5009271FF /* Main.storyboard in Resources */ = {isa = PBXBuildFile; fileRef = 49C8A4DE1B4BF0C5009271FF /* Main.storyboard */; };
		49C8A4E21B4BF0C5009271FF /* Images.xcassets in Resources */ = {isa = PBXBuildFile; fileRef = 49C8A4E11B4BF0C5009271FF /* Images.xcassets */; };
		49C8A4E51B4BF0C5009271FF /* LaunchScreen.xib in Resources */ = {isa = PBXBuildFile; fileRef = 49C8A4E31B4BF0C5009271FF /* LaunchScreen.xib */; };
		49C8A4F11B4BF0C5009271FF /* UpdateDemoTests.swift in Sources */ = {isa = PBXBuildFile; fileRef = 49C8A4F01B4BF0C5009271FF /* UpdateDemoTests.swift */; };
		49C8A4FB1B4BF616009271FF /* libxml2.dylib in Frameworks */ = {isa = PBXBuildFile; fileRef = 49C8A4FA1B4BF616009271FF /* libxml2.dylib */; };
		49C8A5001B4BF7F6009271FF /* GDataXMLNode.m in Sources */ = {isa = PBXBuildFile; fileRef = 49C8A4FF1B4BF7F6009271FF /* GDataXMLNode.m */; };
		49C8A5021B4BF84F009271FF /* users.xml in Resources */ = {isa = PBXBuildFile; fileRef = 49C8A5011B4BF84F009271FF /* users.xml */; };
		49C8A5041B4C00D9009271FF /* person.xml in Resources */ = {isa = PBXBuildFile; fileRef = 49C8A5031B4C00D9009271FF /* person.xml */; };
/* End PBXBuildFile section */

/* Begin PBXContainerItemProxy section */
		49C8A4EB1B4BF0C5009271FF /* PBXContainerItemProxy */ = {
			isa = PBXContainerItemProxy;
			containerPortal = 49C8A4CD1B4BF0C5009271FF /* Project object */;
			proxyType = 1;
			remoteGlobalIDString = 49C8A4D41B4BF0C5009271FF;
			remoteInfo = UpdateDemo;
		};
/* End PBXContainerItemProxy section */

/* Begin PBXFileReference section */
		49C8A4D51B4BF0C5009271FF /* UpdateDemo.app */ = {isa = PBXFileReference; explicitFileType = wrapper.application; includeInIndex = 0; path = UpdateDemo.app; sourceTree = BUILT_PRODUCTS_DIR; };
		49C8A4D91B4BF0C5009271FF /* Info.plist */ = {isa = PBXFileReference; lastKnownFileType = text.plist.xml; path = Info.plist; sourceTree = "<group>"; };
		49C8A4DA1B4BF0C5009271FF /* AppDelegate.swift */ = {isa = PBXFileReference; lastKnownFileType = sourcecode.swift; path = AppDelegate.swift; sourceTree = "<group>"; };
		49C8A4DC1B4BF0C5009271FF /* ViewController.swift */ = {isa = PBXFileReference; lastKnownFileType = sourcecode.swift; path = ViewController.swift; sourceTree = "<group>"; };
		49C8A4DF1B4BF0C5009271FF /* Base */ = {isa = PBXFileReference; lastKnownFileType = file.storyboard; name = Base; path = Base.lproj/Main.storyboard; sourceTree = "<group>"; };
		49C8A4E11B4BF0C5009271FF /* Images.xcassets */ = {isa = PBXFileReference; lastKnownFileType = folder.assetcatalog; path = Images.xcassets; sourceTree = "<group>"; };
		49C8A4E41B4BF0C5009271FF /* Base */ = {isa = PBXFileReference; lastKnownFileType = file.xib; name = Base; path = Base.lproj/LaunchScreen.xib; sourceTree = "<group>"; };
		49C8A4EA1B4BF0C5009271FF /* UpdateDemoTests.xctest */ = {isa = PBXFileReference; explicitFileType = wrapper.cfbundle; includeInIndex = 0; path = UpdateDemoTests.xctest; sourceTree = BUILT_PRODUCTS_DIR; };
		49C8A4EF1B4BF0C5009271FF /* Info.plist */ = {isa = PBXFileReference; lastKnownFileType = text.plist.xml; path = Info.plist; sourceTree = "<group>"; };
		49C8A4F01B4BF0C5009271FF /* UpdateDemoTests.swift */ = {isa = PBXFileReference; lastKnownFileType = sourcecode.swift; path = UpdateDemoTests.swift; sourceTree = "<group>"; };
		49C8A4FA1B4BF616009271FF /* libxml2.dylib */ = {isa = PBXFileReference; lastKnownFileType = "compiled.mach-o.dylib"; name = libxml2.dylib; path = usr/lib/libxml2.dylib; sourceTree = SDKROOT; };
		49C8A4FC1B4BF709009271FF /* bridge.h */ = {isa = PBXFileReference; fileEncoding = 4; lastKnownFileType = sourcecode.c.h; path = bridge.h; sourceTree = "<group>"; };
		49C8A4FE1B4BF7F6009271FF /* GDataXMLNode.h */ = {isa = PBXFileReference; fileEncoding = 4; lastKnownFileType = sourcecode.c.h; path = GDataXMLNode.h; sourceTree = "<group>"; };
		49C8A4FF1B4BF7F6009271FF /* GDataXMLNode.m */ = {isa = PBXFileReference; fileEncoding = 4; lastKnownFileType = sourcecode.c.objc; path = GDataXMLNode.m; sourceTree = "<group>"; };
		49C8A5011B4BF84F009271FF /* users.xml */ = {isa = PBXFileReference; fileEncoding = 4; lastKnownFileType = text.xml; path = users.xml; sourceTree = "<group>"; };
		49C8A5031B4C00D9009271FF /* person.xml */ = {isa = PBXFileReference; fileEncoding = 4; lastKnownFileType = text.xml; path = person.xml; sourceTree = "<group>"; };
/* End PBXFileReference section */

/* Begin PBXFrameworksBuildPhase section */
		49C8A4D21B4BF0C5009271FF /* Frameworks */ = {
			isa = PBXFrameworksBuildPhase;
			buildActionMask = 2147483647;
			files = (
				49C8A4FB1B4BF616009271FF /* libxml2.dylib in Frameworks */,
			);
			runOnlyForDeploymentPostprocessing = 0;
		};
		49C8A4E71B4BF0C5009271FF /* Frameworks */ = {
			isa = PBXFrameworksBuildPhase;
			buildActionMask = 2147483647;
			files = (
			);
			runOnlyForDeploymentPostprocessing = 0;
		};
/* End PBXFrameworksBuildPhase section */

/* Begin PBXGroup section */
		49C8A4CC1B4BF0C5009271FF = {
			isa = PBXGroup;
			children = (
				49C8A5031B4C00D9009271FF /* person.xml */,
				49C8A5011B4BF84F009271FF /* users.xml */,
				49C8A4FC1B4BF709009271FF /* bridge.h */,
				49C8A4FA1B4BF616009271FF /* libxml2.dylib */,
				49C8A4D71B4BF0C5009271FF /* UpdateDemo */,
				49C8A4ED1B4BF0C5009271FF /* UpdateDemoTests */,
				49C8A4D61B4BF0C5009271FF /* Products */,
			);
			sourceTree = "<group>";
		};
		49C8A4D61B4BF0C5009271FF /* Products */ = {
			isa = PBXGroup;
			children = (
				49C8A4D51B4BF0C5009271FF /* UpdateDemo.app */,
				49C8A4EA1B4BF0C5009271FF /* UpdateDemoTests.xctest */,
			);
			name = Products;
			sourceTree = "<group>";
		};
		49C8A4D71B4BF0C5009271FF /* UpdateDemo */ = {
			isa = PBXGroup;
			children = (
				49C8A4FD1B4BF7DF009271FF /* GDataXML */,
				49C8A4DA1B4BF0C5009271FF /* AppDelegate.swift */,
				49C8A4DC1B4BF0C5009271FF /* ViewController.swift */,
				49C8A4DE1B4BF0C5009271FF /* Main.storyboard */,
				49C8A4E11B4BF0C5009271FF /* Images.xcassets */,
				49C8A4E31B4BF0C5009271FF /* LaunchScreen.xib */,
				49C8A4D81B4BF0C5009271FF /* Supporting Files */,
			);
			path = UpdateDemo;
			sourceTree = "<group>";
		};
		49C8A4D81B4BF0C5009271FF /* Supporting Files */ = {
			isa = PBXGroup;
			children = (
				49C8A4D91B4BF0C5009271FF /* Info.plist */,
			);
			name = "Supporting Files";
			sourceTree = "<group>";
		};
		49C8A4ED1B4BF0C5009271FF /* UpdateDemoTests */ = {
			isa = PBXGroup;
			children = (
				49C8A4F01B4BF0C5009271FF /* UpdateDemoTests.swift */,
				49C8A4EE1B4BF0C5009271FF /* Supporting Files */,
			);
			path = UpdateDemoTests;
			sourceTree = "<group>";
		};
		49C8A4EE1B4BF0C5009271FF /* Supporting Files */ = {
			isa = PBXGroup;
			children = (
				49C8A4EF1B4BF0C5009271FF /* Info.plist */,
			);
			name = "Supporting Files";
			sourceTree = "<group>";
		};
		49C8A4FD1B4BF7DF009271FF /* GDataXML */ = {
			isa = PBXGroup;
			children = (
				49C8A4FE1B4BF7F6009271FF /* GDataXMLNode.h */,
				49C8A4FF1B4BF7F6009271FF /* GDataXMLNode.m */,
			);
			name = GDataXML;
			sourceTree = "<group>";
		};
/* End PBXGroup section */

/* Begin PBXNativeTarget section */
		49C8A4D41B4BF0C5009271FF /* UpdateDemo */ = {
			isa = PBXNativeTarget;
			buildConfigurationList = 49C8A4F41B4BF0C5009271FF /* Build configuration list for PBXNativeTarget "UpdateDemo" */;
			buildPhases = (
				49C8A4D11B4BF0C5009271FF /* Sources */,
				49C8A4D21B4BF0C5009271FF /* Frameworks */,
				49C8A4D31B4BF0C5009271FF /* Resources */,
			);
			buildRules = (
			);
			dependencies = (
			);
			name = UpdateDemo;
			productName = UpdateDemo;
			productReference = 49C8A4D51B4BF0C5009271FF /* UpdateDemo.app */;
			productType = "com.apple.product-type.application";
		};
		49C8A4E91B4BF0C5009271FF /* UpdateDemoTests */ = {
			isa = PBXNativeTarget;
			buildConfigurationList = 49C8A4F71B4BF0C5009271FF /* Build configuration list for PBXNativeTarget "UpdateDemoTests" */;
			buildPhases = (
				49C8A4E61B4BF0C5009271FF /* Sources */,
				49C8A4E71B4BF0C5009271FF /* Frameworks */,
				49C8A4E81B4BF0C5009271FF /* Resources */,
			);
			buildRules = (
			);
			dependencies = (
				49C8A4EC1B4BF0C5009271FF /* PBXTargetDependency */,
			);
			name = UpdateDemoTests;
			productName = UpdateDemoTests;
			productReference = 49C8A4EA1B4BF0C5009271FF /* UpdateDemoTests.xctest */;
			productType = "com.apple.product-type.bundle.unit-test";
		};
/* End PBXNativeTarget section */

/* Begin PBXProject section */
		49C8A4CD1B4BF0C5009271FF /* Project object */ = {
			isa = PBXProject;
			attributes = {
				LastUpgradeCheck = 0620;
				ORGANIZATIONNAME = Andrew;
				TargetAttributes = {
					49C8A4D41B4BF0C5009271FF = {
						CreatedOnToolsVersion = 6.2;
						DevelopmentTeam = 6RV8S2L33H;
					};
					49C8A4E91B4BF0C5009271FF = {
						CreatedOnToolsVersion = 6.2;
						TestTargetID = 49C8A4D41B4BF0C5009271FF;
					};
				};
			};
			buildConfigurationList = 49C8A4D01B4BF0C5009271FF /* Build configuration list for PBXProject "UpdateDemo" */;
			compatibilityVersion = "Xcode 3.2";
			developmentRegion = English;
			hasScannedForEncodings = 0;
			knownRegions = (
				en,
				Base,
			);
			mainGroup = 49C8A4CC1B4BF0C5009271FF;
			productRefGroup = 49C8A4D61B4BF0C5009271FF /* Products */;
			projectDirPath = "";
			projectRoot = "";
			targets = (
				49C8A4D41B4BF0C5009271FF /* UpdateDemo */,
				49C8A4E91B4BF0C5009271FF /* UpdateDemoTests */,
			);
		};
/* End PBXProject section */

/* Begin PBXResourcesBuildPhase section */
		49C8A4D31B4BF0C5009271FF /* Resources */ = {
			isa = PBXResourcesBuildPhase;
			buildActionMask = 2147483647;
			files = (
				49C8A4E01B4BF0C5009271FF /* Main.storyboard in Resources */,
				49C8A4E51B4BF0C5009271FF /* LaunchScreen.xib in Resources */,
				49C8A5021B4BF84F009271FF /* users.xml in Resources */,
				49C8A4E21B4BF0C5009271FF /* Images.xcassets in Resources */,
				49C8A5041B4C00D9009271FF /* person.xml in Resources */,
			);
			runOnlyForDeploymentPostprocessing = 0;
		};
		49C8A4E81B4BF0C5009271FF /* Resources */ = {
			isa = PBXResourcesBuildPhase;
			buildActionMask = 2147483647;
			files = (
			);
			runOnlyForDeploymentPostprocessing = 0;
		};
/* End PBXResourcesBuildPhase section */

/* Begin PBXSourcesBuildPhase section */
		49C8A4D11B4BF0C5009271FF /* Sources */ = {
			isa = PBXSourcesBuildPhase;
			buildActionMask = 2147483647;
			files = (
				49C8A4DD1B4BF0C5009271FF /* ViewController.swift in Sources */,
				49C8A4DB1B4BF0C5009271FF /* AppDelegate.swift in Sources */,
				49C8A5001B4BF7F6009271FF /* GDataXMLNode.m in Sources */,
			);
			runOnlyForDeploymentPostprocessing = 0;
		};
		49C8A4E61B4BF0C5009271FF /* Sources */ = {
			isa = PBXSourcesBuildPhase;
			buildActionMask = 2147483647;
			files = (
				49C8A4F11B4BF0C5009271FF /* UpdateDemoTests.swift in Sources */,
			);
			runOnlyForDeploymentPostprocessing = 0;
		};
/* End PBXSourcesBuildPhase section */

/* Begin PBXTargetDependency section */
		49C8A4EC1B4BF0C5009271FF /* PBXTargetDependency */ = {
			isa = PBXTargetDependency;
			target = 49C8A4D41B4BF0C5009271FF /* UpdateDemo */;
			targetProxy = 49C8A4EB1B4BF0C5009271FF /* PBXContainerItemProxy */;
		};
/* End PBXTargetDependency section */

/* Begin PBXVariantGroup section */
		49C8A4DE1B4BF0C5009271FF /* Main.storyboard */ = {
			isa = PBXVariantGroup;
			children = (
				49C8A4DF1B4BF0C5009271FF /* Base */,
			);
			name = Main.storyboard;
			sourceTree = "<group>";
		};
		49C8A4E31B4BF0C5009271FF /* LaunchScreen.xib */ = {
			isa = PBXVariantGroup;
			children = (
				49C8A4E41B4BF0C5009271FF /* Base */,
			);
			name = LaunchScreen.xib;
			sourceTree = "<group>";
		};
/* End PBXVariantGroup section */

/* Begin XCBuildConfiguration section */
		49C8A4F21B4BF0C5009271FF /* Debug */ = {
			isa = XCBuildConfiguration;
			buildSettings = {
				ALWAYS_SEARCH_USER_PATHS = NO;
				CLANG_CXX_LANGUAGE_STANDARD = "gnu++0x";
				CLANG_CXX_LIBRARY = "libc++";
				CLANG_ENABLE_MODULES = YES;
				CLANG_ENABLE_OBJC_ARC = YES;
				CLANG_WARN_BOOL_CONVERSION = YES;
				CLANG_WARN_CONSTANT_CONVERSION = YES;
				CLANG_WARN_DIRECT_OBJC_ISA_USAGE = YES_ERROR;
				CLANG_WARN_EMPTY_BODY = YES;
				CLANG_WARN_ENUM_CONVERSION = YES;
				CLANG_WARN_INT_CONVERSION = YES;
				CLANG_WARN_OBJC_ROOT_CLASS = YES_ERROR;
				CLANG_WARN_UNREACHABLE_CODE = YES;
				CLANG_WARN__DUPLICATE_METHOD_MATCH = YES;
				"CODE_SIGN_IDENTITY[sdk=iphoneos*]" = "iPhone Developer";
				COPY_PHASE_STRIP = NO;
				ENABLE_STRICT_OBJC_MSGSEND = YES;
				GCC_C_LANGUAGE_STANDARD = gnu99;
				GCC_DYNAMIC_NO_PIC = NO;
				GCC_OPTIMIZATION_LEVEL = 0;
				GCC_PREPROCESSOR_DEFINITIONS = (
					"DEBUG=1",
					"$(inherited)",
				);
				GCC_SYMBOLS_PRIVATE_EXTERN = NO;
				GCC_WARN_64_TO_32_BIT_CONVERSION = YES;
				GCC_WARN_ABOUT_RETURN_TYPE = YES_ERROR;
				GCC_WARN_UNDECLARED_SELECTOR = YES;
				GCC_WARN_UNINITIALIZED_AUTOS = YES_AGGRESSIVE;
				GCC_WARN_UNUSED_FUNCTION = YES;
				GCC_WARN_UNUSED_VARIABLE = YES;
				IPHONEOS_DEPLOYMENT_TARGET = 8.2;
				MTL_ENABLE_DEBUG_INFO = YES;
				ONLY_ACTIVE_ARCH = YES;
				SDKROOT = iphoneos;
				SWIFT_OPTIMIZATION_LEVEL = "-Onone";
				TARGETED_DEVICE_FAMILY = "1,2";
			};
			name = Debug;
		};
		49C8A4F31B4BF0C5009271FF /* Release */ = {
			isa = XCBuildConfiguration;
			buildSettings = {
				ALWAYS_SEARCH_USER_PATHS = NO;
				CLANG_CXX_LANGUAGE_STANDARD = "gnu++0x";
				CLANG_CXX_LIBRARY = "libc++";
				CLANG_ENABLE_MODULES = YES;
				CLANG_ENABLE_OBJC_ARC = YES;
				CLANG_WARN_BOOL_CONVERSION = YES;
				CLANG_WARN_CONSTANT_CONVERSION = YES;
				CLANG_WARN_DIRECT_OBJC_ISA_USAGE = YES_ERROR;
				CLANG_WARN_EMPTY_BODY = YES;
				CLANG_WARN_ENUM_CONVERSION = YES;
				CLANG_WARN_INT_CONVERSION = YES;
				CLANG_WARN_OBJC_ROOT_CLASS = YES_ERROR;
				CLANG_WARN_UNREACHABLE_CODE = YES;
				CLANG_WARN__DUPLICATE_METHOD_MATCH = YES;
				"CODE_SIGN_IDENTITY[sdk=iphoneos*]" = "iPhone Developer";
				COPY_PHASE_STRIP = NO;
				ENABLE_NS_ASSERTIONS = NO;
				ENABLE_STRICT_OBJC_MSGSEND = YES;
				GCC_C_LANGUAGE_STANDARD = gnu99;
				GCC_WARN_64_TO_32_BIT_CONVERSION = YES;
				GCC_WARN_ABOUT_RETURN_TYPE = YES_ERROR;
				GCC_WARN_UNDECLARED_SELECTOR = YES;
				GCC_WARN_UNINITIALIZED_AUTOS = YES_AGGRESSIVE;
				GCC_WARN_UNUSED_FUNCTION = YES;
				GCC_WARN_UNUSED_VARIABLE = YES;
				IPHONEOS_DEPLOYMENT_TARGET = 8.2;
				MTL_ENABLE_DEBUG_INFO = NO;
				SDKROOT = iphoneos;
				TARGETED_DEVICE_FAMILY = "1,2";
				VALIDATE_PRODUCT = YES;
			};
			name = Release;
		};
		49C8A4F51B4BF0C5009271FF /* Debug */ = {
			isa = XCBuildConfiguration;
			buildSettings = {
				ASSETCATALOG_COMPILER_APPICON_NAME = AppIcon;
				CLANG_ENABLE_OBJC_ARC = NO;
				CODE_SIGN_IDENTITY = "iPhone Developer";
				"CODE_SIGN_IDENTITY[sdk=iphoneos*]" = "iPhone Developer";
				HEADER_SEARCH_PATHS = (
					"$(inherited)",
					/Applications/Xcode.app/Contents/Developer/Toolchains/XcodeDefault.xctoolchain/usr/include,
					"${SDK_DIR}/usr/include/libxml2",
				);
				INFOPLIST_FILE = UpdateDemo/Info.plist;
				IPHONEOS_DEPLOYMENT_TARGET = 8.0;
				LD_RUNPATH_SEARCH_PATHS = "$(inherited) @executable_path/Frameworks";
				PRODUCT_NAME = "$(TARGET_NAME)";
				PROVISIONING_PROFILE = "";
				SWIFT_OBJC_BRIDGING_HEADER = bridge.h;
			};
			name = Debug;
		};
		49C8A4F61B4BF0C5009271FF /* Release */ = {
			isa = XCBuildConfiguration;
			buildSettings = {
				ASSETCATALOG_COMPILER_APPICON_NAME = AppIcon;
				CLANG_ENABLE_OBJC_ARC = NO;
				CODE_SIGN_IDENTITY = "iPhone Developer";
				"CODE_SIGN_IDENTITY[sdk=iphoneos*]" = "iPhone Developer";
				HEADER_SEARCH_PATHS = (
					"$(inherited)",
					/Applications/Xcode.app/Contents/Developer/Toolchains/XcodeDefault.xctoolchain/usr/include,
					"${SDK_DIR}/usr/include/libxml2",
				);
				INFOPLIST_FILE = UpdateDemo/Info.plist;
				IPHONEOS_DEPLOYMENT_TARGET = 8.0;
				LD_RUNPATH_SEARCH_PATHS = "$(inherited) @executable_path/Frameworks";
				PRODUCT_NAME = "$(TARGET_NAME)";
				PROVISIONING_PROFILE = "";
				SWIFT_OBJC_BRIDGING_HEADER = bridge.h;
			};
			name = Release;
		};
		49C8A4F81B4BF0C5009271FF /* Debug */ = {
			isa = XCBuildConfiguration;
			buildSettings = {
				BUNDLE_LOADER = "$(TEST_HOST)";
				FRAMEWORK_SEARCH_PATHS = (
					"$(SDKROOT)/Developer/Library/Frameworks",
					"$(inherited)",
				);
				GCC_PREPROCESSOR_DEFINITIONS = (
					"DEBUG=1",
					"$(inherited)",
				);
				INFOPLIST_FILE = UpdateDemoTests/Info.plist;
				LD_RUNPATH_SEARCH_PATHS = "$(inherited) @executable_path/Frameworks @loader_path/Frameworks";
				PRODUCT_NAME = "$(TARGET_NAME)";
				TEST_HOST = "$(BUILT_PRODUCTS_DIR)/UpdateDemo.app/UpdateDemo";
			};
			name = Debug;
		};
		49C8A4F91B4BF0C5009271FF /* Release */ = {
			isa = XCBuildConfiguration;
			buildSettings = {
				BUNDLE_LOADER = "$(TEST_HOST)";
				FRAMEWORK_SEARCH_PATHS = (
					"$(SDKROOT)/Developer/Library/Frameworks",
					"$(inherited)",
				);
				INFOPLIST_FILE = UpdateDemoTests/Info.plist;
				LD_RUNPATH_SEARCH_PATHS = "$(inherited) @executable_path/Frameworks @loader_path/Frameworks";
				PRODUCT_NAME = "$(TARGET_NAME)";
				TEST_HOST = "$(BUILT_PRODUCTS_DIR)/UpdateDemo.app/UpdateDemo";
			};
			name = Release;
		};
/* End XCBuildConfiguration section */

/* Begin XCConfigurationList section */
		49C8A4D01B4BF0C5009271FF /* Build configuration list for PBXProject "UpdateDemo" */ = {
			isa = XCConfigurationList;
			buildConfigurations = (
				49C8A4F21B4BF0C5009271FF /* Debug */,
				49C8A4F31B4BF0C5009271FF /* Release */,
			);
			defaultConfigurationIsVisible = 0;
			defaultConfigurationName = Release;
		};
		49C8A4F41B4BF0C5009271FF /* Build configuration list for PBXNativeTarget "UpdateDemo" */ = {
			isa = XCConfigurationList;
			buildConfigurations = (
				49C8A4F51B4BF0C5009271FF /* Debug */,
				49C8A4F61B4BF0C5009271FF /* Release */,
			);
			defaultConfigurationIsVisible = 0;
		};
		49C8A4F71B4BF0C5009271FF /* Build configuration list for PBXNativeTarget "UpdateDemoTests" */ = {
			isa = XCConfigurationList;
			buildConfigurations = (
				49C8A4F81B4BF0C5009271FF /* Debug */,
				49C8A4F91B4BF0C5009271FF /* Release */,
			);
			defaultConfigurationIsVisible = 0;
		};
/* End XCConfigurationList section */
	};
	rootObject = 49C8A4CD1B4BF0C5009271FF /* Project object */;
}
