// !$*UTF8*$!
{
	archiveVersion = 1;
	classes = {
	};
	objectVersion = 46;
	objects = {

/* Begin PBXBuildFile section */
		65051C511A42A75400CF6F0C /* AppDelegate.swift in Sources */ = {isa = PBXBuildFile; fileRef = 65051C501A42A75400CF6F0C /* AppDelegate.swift */; };
		65051C531A42A75400CF6F0C /* ViewController.swift in Sources */ = {isa = PBXBuildFile; fileRef = 65051C521A42A75400CF6F0C /* ViewController.swift */; };
		65051C561A42A75400CF6F0C /* Main.storyboard in Resources */ = {isa = PBXBuildFile; fileRef = 65051C541A42A75400CF6F0C /* Main.storyboard */; };
		65051C581A42A75400CF6F0C /* Images.xcassets in Resources */ = {isa = PBXBuildFile; fileRef = 65051C571A42A75400CF6F0C /* Images.xcassets */; };
		65051C5B1A42A75400CF6F0C /* LaunchScreen.xib in Resources */ = {isa = PBXBuildFile; fileRef = 65051C591A42A75400CF6F0C /* LaunchScreen.xib */; };
		65051C671A42A75400CF6F0C /* CustomControlDemoTests.swift in Sources */ = {isa = PBXBuildFile; fileRef = 65051C661A42A75400CF6F0C /* CustomControlDemoTests.swift */; };
		65051C711A42A77C00CF6F0C /* RangeSlider.swift in Sources */ = {isa = PBXBuildFile; fileRef = 65051C701A42A77C00CF6F0C /* RangeSlider.swift */; };
		65051C731A42A7A800CF6F0C /* QuartzCore.framework in Frameworks */ = {isa = PBXBuildFile; fileRef = 65051C721A42A7A800CF6F0C /* QuartzCore.framework */; };
		65051C751A42A7B400CF6F0C /* UIKit.framework in Frameworks */ = {isa = PBXBuildFile; fileRef = 65051C741A42A7B400CF6F0C /* UIKit.framework */; };
		65051C771A42A8A900CF6F0C /* RangeSliderThumLayer.swift in Sources */ = {isa = PBXBuildFile; fileRef = 65051C761A42A8A900CF6F0C /* RangeSliderThumLayer.swift */; };
		65051C7B1A42AB6900CF6F0C /* RangeSliderTrackLayer.swift in Sources */ = {isa = PBXBuildFile; fileRef = 65051C7A1A42AB6900CF6F0C /* RangeSliderTrackLayer.swift */; };
/* End PBXBuildFile section */

/* Begin PBXContainerItemProxy section */
		65051C611A42A75400CF6F0C /* PBXContainerItemProxy */ = {
			isa = PBXContainerItemProxy;
			containerPortal = 65051C431A42A75400CF6F0C /* Project object */;
			proxyType = 1;
			remoteGlobalIDString = 65051C4A1A42A75400CF6F0C;
			remoteInfo = CustomControlDemo;
		};
/* End PBXContainerItemProxy section */

/* Begin PBXFileReference section */
		65051C4B1A42A75400CF6F0C /* CustomControlDemo.app */ = {isa = PBXFileReference; explicitFileType = wrapper.application; includeInIndex = 0; path = CustomControlDemo.app; sourceTree = BUILT_PRODUCTS_DIR; };
		65051C4F1A42A75400CF6F0C /* Info.plist */ = {isa = PBXFileReference; lastKnownFileType = text.plist.xml; path = Info.plist; sourceTree = "<group>"; };
		65051C501A42A75400CF6F0C /* AppDelegate.swift */ = {isa = PBXFileReference; lastKnownFileType = sourcecode.swift; path = AppDelegate.swift; sourceTree = "<group>"; };
		65051C521A42A75400CF6F0C /* ViewController.swift */ = {isa = PBXFileReference; lastKnownFileType = sourcecode.swift; path = ViewController.swift; sourceTree = "<group>"; };
		65051C551A42A75400CF6F0C /* Base */ = {isa = PBXFileReference; lastKnownFileType = file.storyboard; name = Base; path = Base.lproj/Main.storyboard; sourceTree = "<group>"; };
		65051C571A42A75400CF6F0C /* Images.xcassets */ = {isa = PBXFileReference; lastKnownFileType = folder.assetcatalog; path = Images.xcassets; sourceTree = "<group>"; };
		65051C5A1A42A75400CF6F0C /* Base */ = {isa = PBXFileReference; lastKnownFileType = file.xib; name = Base; path = Base.lproj/LaunchScreen.xib; sourceTree = "<group>"; };
		65051C601A42A75400CF6F0C /* CustomControlDemoTests.xctest */ = {isa = PBXFileReference; explicitFileType = wrapper.cfbundle; includeInIndex = 0; path = CustomControlDemoTests.xctest; sourceTree = BUILT_PRODUCTS_DIR; };
		65051C651A42A75400CF6F0C /* Info.plist */ = {isa = PBXFileReference; lastKnownFileType = text.plist.xml; path = Info.plist; sourceTree = "<group>"; };
		65051C661A42A75400CF6F0C /* CustomControlDemoTests.swift */ = {isa = PBXFileReference; lastKnownFileType = sourcecode.swift; path = CustomControlDemoTests.swift; sourceTree = "<group>"; };
		65051C701A42A77C00CF6F0C /* RangeSlider.swift */ = {isa = PBXFileReference; fileEncoding = 4; lastKnownFileType = sourcecode.swift; path = RangeSlider.swift; sourceTree = "<group>"; };
		65051C721A42A7A800CF6F0C /* QuartzCore.framework */ = {isa = PBXFileReference; lastKnownFileType = wrapper.framework; name = QuartzCore.framework; path = System/Library/Frameworks/QuartzCore.framework; sourceTree = SDKROOT; };
		65051C741A42A7B400CF6F0C /* UIKit.framework */ = {isa = PBXFileReference; lastKnownFileType = wrapper.framework; name = UIKit.framework; path = System/Library/Frameworks/UIKit.framework; sourceTree = SDKROOT; };
		65051C761A42A8A900CF6F0C /* RangeSliderThumLayer.swift */ = {isa = PBXFileReference; fileEncoding = 4; lastKnownFileType = sourcecode.swift; path = RangeSliderThumLayer.swift; sourceTree = "<group>"; };
		65051C7A1A42AB6900CF6F0C /* RangeSliderTrackLayer.swift */ = {isa = PBXFileReference; fileEncoding = 4; lastKnownFileType = sourcecode.swift; path = RangeSliderTrackLayer.swift; sourceTree = "<group>"; };
/* End PBXFileReference section */

/* Begin PBXFrameworksBuildPhase section */
		65051C481A42A75400CF6F0C /* Frameworks */ = {
			isa = PBXFrameworksBuildPhase;
			buildActionMask = 2147483647;
			files = (
				65051C751A42A7B400CF6F0C /* UIKit.framework in Frameworks */,
				65051C731A42A7A800CF6F0C /* QuartzCore.framework in Frameworks */,
			);
			runOnlyForDeploymentPostprocessing = 0;
		};
		65051C5D1A42A75400CF6F0C /* Frameworks */ = {
			isa = PBXFrameworksBuildPhase;
			buildActionMask = 2147483647;
			files = (
			);
			runOnlyForDeploymentPostprocessing = 0;
		};
/* End PBXFrameworksBuildPhase section */

/* Begin PBXGroup section */
		65051C421A42A75400CF6F0C = {
			isa = PBXGroup;
			children = (
				65051C4D1A42A75400CF6F0C /* CustomControlDemo */,
				65051C631A42A75400CF6F0C /* CustomControlDemoTests */,
				65051C4C1A42A75400CF6F0C /* Products */,
			);
			sourceTree = "<group>";
		};
		65051C4C1A42A75400CF6F0C /* Products */ = {
			isa = PBXGroup;
			children = (
				65051C4B1A42A75400CF6F0C /* CustomControlDemo.app */,
				65051C601A42A75400CF6F0C /* CustomControlDemoTests.xctest */,
			);
			name = Products;
			sourceTree = "<group>";
		};
		65051C4D1A42A75400CF6F0C /* CustomControlDemo */ = {
			isa = PBXGroup;
			children = (
				65051C501A42A75400CF6F0C /* AppDelegate.swift */,
				65051C521A42A75400CF6F0C /* ViewController.swift */,
				65051C701A42A77C00CF6F0C /* RangeSlider.swift */,
				65051C761A42A8A900CF6F0C /* RangeSliderThumLayer.swift */,
				65051C7A1A42AB6900CF6F0C /* RangeSliderTrackLayer.swift */,
				65051C541A42A75400CF6F0C /* Main.storyboard */,
				65051C571A42A75400CF6F0C /* Images.xcassets */,
				65051C591A42A75400CF6F0C /* LaunchScreen.xib */,
				65051C4E1A42A75400CF6F0C /* Supporting Files */,
			);
			path = CustomControlDemo;
			sourceTree = "<group>";
		};
		65051C4E1A42A75400CF6F0C /* Supporting Files */ = {
			isa = PBXGroup;
			children = (
				65051C741A42A7B400CF6F0C /* UIKit.framework */,
				65051C721A42A7A800CF6F0C /* QuartzCore.framework */,
				65051C4F1A42A75400CF6F0C /* Info.plist */,
			);
			name = "Supporting Files";
			sourceTree = "<group>";
		};
		65051C631A42A75400CF6F0C /* CustomControlDemoTests */ = {
			isa = PBXGroup;
			children = (
				65051C661A42A75400CF6F0C /* CustomControlDemoTests.swift */,
				65051C641A42A75400CF6F0C /* Supporting Files */,
			);
			path = CustomControlDemoTests;
			sourceTree = "<group>";
		};
		65051C641A42A75400CF6F0C /* Supporting Files */ = {
			isa = PBXGroup;
			children = (
				65051C651A42A75400CF6F0C /* Info.plist */,
			);
			name = "Supporting Files";
			sourceTree = "<group>";
		};
/* End PBXGroup section */

/* Begin PBXNativeTarget section */
		65051C4A1A42A75400CF6F0C /* CustomControlDemo */ = {
			isa = PBXNativeTarget;
			buildConfigurationList = 65051C6A1A42A75400CF6F0C /* Build configuration list for PBXNativeTarget "CustomControlDemo" */;
			buildPhases = (
				65051C471A42A75400CF6F0C /* Sources */,
				65051C481A42A75400CF6F0C /* Frameworks */,
				65051C491A42A75400CF6F0C /* Resources */,
			);
			buildRules = (
			);
			dependencies = (
			);
			name = CustomControlDemo;
			productName = CustomControlDemo;
			productReference = 65051C4B1A42A75400CF6F0C /* CustomControlDemo.app */;
			productType = "com.apple.product-type.application";
		};
		65051C5F1A42A75400CF6F0C /* CustomControlDemoTests */ = {
			isa = PBXNativeTarget;
			buildConfigurationList = 65051C6D1A42A75400CF6F0C /* Build configuration list for PBXNativeTarget "CustomControlDemoTests" */;
			buildPhases = (
				65051C5C1A42A75400CF6F0C /* Sources */,
				65051C5D1A42A75400CF6F0C /* Frameworks */,
				65051C5E1A42A75400CF6F0C /* Resources */,
			);
			buildRules = (
			);
			dependencies = (
				65051C621A42A75400CF6F0C /* PBXTargetDependency */,
			);
			name = CustomControlDemoTests;
			productName = CustomControlDemoTests;
			productReference = 65051C601A42A75400CF6F0C /* CustomControlDemoTests.xctest */;
			productType = "com.apple.product-type.bundle.unit-test";
		};
/* End PBXNativeTarget section */

/* Begin PBXProject section */
		65051C431A42A75400CF6F0C /* Project object */ = {
			isa = PBXProject;
			attributes = {
				LastSwiftUpdateCheck = 0720;
				LastUpgradeCheck = 0610;
				ORGANIZATIONNAME = Andrew;
				TargetAttributes = {
					65051C4A1A42A75400CF6F0C = {
						CreatedOnToolsVersion = 6.1.1;
					};
					65051C5F1A42A75400CF6F0C = {
						CreatedOnToolsVersion = 6.1.1;
						TestTargetID = 65051C4A1A42A75400CF6F0C;
					};
				};
			};
			buildConfigurationList = 65051C461A42A75400CF6F0C /* Build configuration list for PBXProject "CustomControlDemo" */;
			compatibilityVersion = "Xcode 3.2";
			developmentRegion = English;
			hasScannedForEncodings = 0;
			knownRegions = (
				en,
				Base,
			);
			mainGroup = 65051C421A42A75400CF6F0C;
			productRefGroup = 65051C4C1A42A75400CF6F0C /* Products */;
			projectDirPath = "";
			projectRoot = "";
			targets = (
				65051C4A1A42A75400CF6F0C /* CustomControlDemo */,
				65051C5F1A42A75400CF6F0C /* CustomControlDemoTests */,
			);
		};
/* End PBXProject section */

/* Begin PBXResourcesBuildPhase section */
		65051C491A42A75400CF6F0C /* Resources */ = {
			isa = PBXResourcesBuildPhase;
			buildActionMask = 2147483647;
			files = (
				65051C561A42A75400CF6F0C /* Main.storyboard in Resources */,
				65051C5B1A42A75400CF6F0C /* LaunchScreen.xib in Resources */,
				65051C581A42A75400CF6F0C /* Images.xcassets in Resources */,
			);
			runOnlyForDeploymentPostprocessing = 0;
		};
		65051C5E1A42A75400CF6F0C /* Resources */ = {
			isa = PBXResourcesBuildPhase;
			buildActionMask = 2147483647;
			files = (
			);
			runOnlyForDeploymentPostprocessing = 0;
		};
/* End PBXResourcesBuildPhase section */

/* Begin PBXSourcesBuildPhase section */
		65051C471A42A75400CF6F0C /* Sources */ = {
			isa = PBXSourcesBuildPhase;
			buildActionMask = 2147483647;
			files = (
				65051C771A42A8A900CF6F0C /* RangeSliderThumLayer.swift in Sources */,
				65051C7B1A42AB6900CF6F0C /* RangeSliderTrackLayer.swift in Sources */,
				65051C531A42A75400CF6F0C /* ViewController.swift in Sources */,
				65051C711A42A77C00CF6F0C /* RangeSlider.swift in Sources */,
				65051C511A42A75400CF6F0C /* AppDelegate.swift in Sources */,
			);
			runOnlyForDeploymentPostprocessing = 0;
		};
		65051C5C1A42A75400CF6F0C /* Sources */ = {
			isa = PBXSourcesBuildPhase;
			buildActionMask = 2147483647;
			files = (
				65051C671A42A75400CF6F0C /* CustomControlDemoTests.swift in Sources */,
			);
			runOnlyForDeploymentPostprocessing = 0;
		};
/* End PBXSourcesBuildPhase section */

/* Begin PBXTargetDependency section */
		65051C621A42A75400CF6F0C /* PBXTargetDependency */ = {
			isa = PBXTargetDependency;
			target = 65051C4A1A42A75400CF6F0C /* CustomControlDemo */;
			targetProxy = 65051C611A42A75400CF6F0C /* PBXContainerItemProxy */;
		};
/* End PBXTargetDependency section */

/* Begin PBXVariantGroup section */
		65051C541A42A75400CF6F0C /* Main.storyboard */ = {
			isa = PBXVariantGroup;
			children = (
				65051C551A42A75400CF6F0C /* Base */,
			);
			name = Main.storyboard;
			sourceTree = "<group>";
		};
		65051C591A42A75400CF6F0C /* LaunchScreen.xib */ = {
			isa = PBXVariantGroup;
			children = (
				65051C5A1A42A75400CF6F0C /* Base */,
			);
			name = LaunchScreen.xib;
			sourceTree = "<group>";
		};
/* End PBXVariantGroup section */

/* Begin XCBuildConfiguration section */
		65051C681A42A75400CF6F0C /* Debug */ = {
			isa = XCBuildConfiguration;
			buildSettings = {
				ALWAYS_SEARCH_USER_PATHS = NO;
				CLANG_CXX_LANGUAGE_STANDARD = "gnu++0x";
				CLANG_CXX_LIBRARY = "libc++";
				CLANG_ENABLE_MODULES = YES;
				CLANG_ENABLE_OBJC_ARC = YES;
				CLANG_WARN_BOOL_CONVERSION = YES;
				CLANG_WARN_CONSTANT_CONVERSION = YES;
				CLANG_WARN_DIRECT_OBJC_ISA_USAGE = YES_ERROR;
				CLANG_WARN_EMPTY_BODY = YES;
				CLANG_WARN_ENUM_CONVERSION = YES;
				CLANG_WARN_INT_CONVERSION = YES;
				CLANG_WARN_OBJC_ROOT_CLASS = YES_ERROR;
				CLANG_WARN_UNREACHABLE_CODE = YES;
				CLANG_WARN__DUPLICATE_METHOD_MATCH = YES;
				"CODE_SIGN_IDENTITY[sdk=iphoneos*]" = "iPhone Developer";
				COPY_PHASE_STRIP = NO;
				ENABLE_STRICT_OBJC_MSGSEND = YES;
				GCC_C_LANGUAGE_STANDARD = gnu99;
				GCC_DYNAMIC_NO_PIC = NO;
				GCC_OPTIMIZATION_LEVEL = 0;
				GCC_PREPROCESSOR_DEFINITIONS = (
					"DEBUG=1",
					"$(inherited)",
				);
				GCC_SYMBOLS_PRIVATE_EXTERN = NO;
				GCC_WARN_64_TO_32_BIT_CONVERSION = YES;
				GCC_WARN_ABOUT_RETURN_TYPE = YES_ERROR;
				GCC_WARN_UNDECLARED_SELECTOR = YES;
				GCC_WARN_UNINITIALIZED_AUTOS = YES_AGGRESSIVE;
				GCC_WARN_UNUSED_FUNCTION = YES;
				GCC_WARN_UNUSED_VARIABLE = YES;
				IPHONEOS_DEPLOYMENT_TARGET = 8.1;
				MTL_ENABLE_DEBUG_INFO = YES;
				ONLY_ACTIVE_ARCH = YES;
				SDKROOT = iphoneos;
				SWIFT_OPTIMIZATION_LEVEL = "-Onone";
			};
			name = Debug;
		};
		65051C691A42A75400CF6F0C /* Release */ = {
			isa = XCBuildConfiguration;
			buildSettings = {
				ALWAYS_SEARCH_USER_PATHS = NO;
				CLANG_CXX_LANGUAGE_STANDARD = "gnu++0x";
				CLANG_CXX_LIBRARY = "libc++";
				CLANG_ENABLE_MODULES = YES;
				CLANG_ENABLE_OBJC_ARC = YES;
				CLANG_WARN_BOOL_CONVERSION = YES;
				CLANG_WARN_CONSTANT_CONVERSION = YES;
				CLANG_WARN_DIRECT_OBJC_ISA_USAGE = YES_ERROR;
				CLANG_WARN_EMPTY_BODY = YES;
				CLANG_WARN_ENUM_CONVERSION = YES;
				CLANG_WARN_INT_CONVERSION = YES;
				CLANG_WARN_OBJC_ROOT_CLASS = YES_ERROR;
				CLANG_WARN_UNREACHABLE_CODE = YES;
				CLANG_WARN__DUPLICATE_METHOD_MATCH = YES;
				"CODE_SIGN_IDENTITY[sdk=iphoneos*]" = "iPhone Developer";
				COPY_PHASE_STRIP = YES;
				ENABLE_NS_ASSERTIONS = NO;
				ENABLE_STRICT_OBJC_MSGSEND = YES;
				GCC_C_LANGUAGE_STANDARD = gnu99;
				GCC_WARN_64_TO_32_BIT_CONVERSION = YES;
				GCC_WARN_ABOUT_RETURN_TYPE = YES_ERROR;
				GCC_WARN_UNDECLARED_SELECTOR = YES;
				GCC_WARN_UNINITIALIZED_AUTOS = YES_AGGRESSIVE;
				GCC_WARN_UNUSED_FUNCTION = YES;
				GCC_WARN_UNUSED_VARIABLE = YES;
				IPHONEOS_DEPLOYMENT_TARGET = 8.1;
				MTL_ENABLE_DEBUG_INFO = NO;
				SDKROOT = iphoneos;
				VALIDATE_PRODUCT = YES;
			};
			name = Release;
		};
		65051C6B1A42A75400CF6F0C /* Debug */ = {
			isa = XCBuildConfiguration;
			buildSettings = {
				ASSETCATALOG_COMPILER_APPICON_NAME = AppIcon;
				INFOPLIST_FILE = CustomControlDemo/Info.plist;
				LD_RUNPATH_SEARCH_PATHS = "$(inherited) @executable_path/Frameworks";
				PRODUCT_NAME = "$(TARGET_NAME)";
			};
			name = Debug;
		};
		65051C6C1A42A75400CF6F0C /* Release */ = {
			isa = XCBuildConfiguration;
			buildSettings = {
				ASSETCATALOG_COMPILER_APPICON_NAME = AppIcon;
				INFOPLIST_FILE = CustomControlDemo/Info.plist;
				LD_RUNPATH_SEARCH_PATHS = "$(inherited) @executable_path/Frameworks";
				PRODUCT_NAME = "$(TARGET_NAME)";
			};
			name = Release;
		};
		65051C6E1A42A75400CF6F0C /* Debug */ = {
			isa = XCBuildConfiguration;
			buildSettings = {
				BUNDLE_LOADER = "$(TEST_HOST)";
				FRAMEWORK_SEARCH_PATHS = (
					"$(SDKROOT)/Developer/Library/Frameworks",
					"$(inherited)",
				);
				GCC_PREPROCESSOR_DEFINITIONS = (
					"DEBUG=1",
					"$(inherited)",
				);
				INFOPLIST_FILE = CustomControlDemoTests/Info.plist;
				LD_RUNPATH_SEARCH_PATHS = "$(inherited) @executable_path/Frameworks @loader_path/Frameworks";
				PRODUCT_NAME = "$(TARGET_NAME)";
				TEST_HOST = "$(BUILT_PRODUCTS_DIR)/CustomControlDemo.app/CustomControlDemo";
			};
			name = Debug;
		};
		65051C6F1A42A75400CF6F0C /* Release */ = {
			isa = XCBuildConfiguration;
			buildSettings = {
				BUNDLE_LOADER = "$(TEST_HOST)";
				FRAMEWORK_SEARCH_PATHS = (
					"$(SDKROOT)/Developer/Library/Frameworks",
					"$(inherited)",
				);
				INFOPLIST_FILE = CustomControlDemoTests/Info.plist;
				LD_RUNPATH_SEARCH_PATHS = "$(inherited) @executable_path/Frameworks @loader_path/Frameworks";
				PRODUCT_NAME = "$(TARGET_NAME)";
				TEST_HOST = "$(BUILT_PRODUCTS_DIR)/CustomControlDemo.app/CustomControlDemo";
			};
			name = Release;
		};
/* End XCBuildConfiguration section */

/* Begin XCConfigurationList section */
		65051C461A42A75400CF6F0C /* Build configuration list for PBXProject "CustomControlDemo" */ = {
			isa = XCConfigurationList;
			buildConfigurations = (
				65051C681A42A75400CF6F0C /* Debug */,
				65051C691A42A75400CF6F0C /* Release */,
			);
			defaultConfigurationIsVisible = 0;
			defaultConfigurationName = Release;
		};
		65051C6A1A42A75400CF6F0C /* Build configuration list for PBXNativeTarget "CustomControlDemo" */ = {
			isa = XCConfigurationList;
			buildConfigurations = (
				65051C6B1A42A75400CF6F0C /* Debug */,
				65051C6C1A42A75400CF6F0C /* Release */,
			);
			defaultConfigurationIsVisible = 0;
			defaultConfigurationName = Release;
		};
		65051C6D1A42A75400CF6F0C /* Build configuration list for PBXNativeTarget "CustomControlDemoTests" */ = {
			isa = XCConfigurationList;
			buildConfigurations = (
				65051C6E1A42A75400CF6F0C /* Debug */,
				65051C6F1A42A75400CF6F0C /* Release */,
			);
			defaultConfigurationIsVisible = 0;
			defaultConfigurationName = Release;
		};
/* End XCConfigurationList section */
	};
	rootObject = 65051C431A42A75400CF6F0C /* Project object */;
}
