// !$*UTF8*$!
{
	archiveVersion = 1;
	classes = {
	};
	objectVersion = 46;
	objects = {

/* Begin PBXBuildFile section */
		44D92BA9F1CC254BB63BEBBA /* Pods.framework in Frameworks */ = {isa = PBXBuildFile; fileRef = 12CC91752A1B67B62BBE1AA1 /* Pods.framework */; };
		49BAC2401CA23D49009B9736 /* AppDelegate.swift in Sources */ = {isa = PBXBuildFile; fileRef = 49BAC23F1CA23D49009B9736 /* AppDelegate.swift */; };
		49BAC2421CA23D49009B9736 /* ViewController.swift in Sources */ = {isa = PBXBuildFile; fileRef = 49BAC2411CA23D49009B9736 /* ViewController.swift */; };
		49BAC2451CA23D49009B9736 /* Main.storyboard in Resources */ = {isa = PBXBuildFile; fileRef = 49BAC2431CA23D49009B9736 /* Main.storyboard */; };
		49BAC2471CA23D49009B9736 /* Assets.xcassets in Resources */ = {isa = PBXBuildFile; fileRef = 49BAC2461CA23D49009B9736 /* Assets.xcassets */; };
		49BAC24A1CA23D49009B9736 /* LaunchScreen.storyboard in Resources */ = {isa = PBXBuildFile; fileRef = 49BAC2481CA23D49009B9736 /* LaunchScreen.storyboard */; };
		49BAC2551CA23D49009B9736 /* SwiftLibTestsTests.swift in Sources */ = {isa = PBXBuildFile; fileRef = 49BAC2541CA23D49009B9736 /* SwiftLibTestsTests.swift */; };
		49BAC2601CA23D49009B9736 /* SwiftLibTestsUITests.swift in Sources */ = {isa = PBXBuildFile; fileRef = 49BAC25F1CA23D49009B9736 /* SwiftLibTestsUITests.swift */; };
		49BAC26E1CA23ED9009B9736 /* TLKeyboardUtil_Swift.framework in Frameworks */ = {isa = PBXBuildFile; fileRef = 49BAC26D1CA23ED9009B9736 /* TLKeyboardUtil_Swift.framework */; };
		49BAC2701CA23FED009B9736 /* Kingfisher.framework in Frameworks */ = {isa = PBXBuildFile; fileRef = 49BAC26F1CA23FED009B9736 /* Kingfisher.framework */; };
		49BAC2721CA24201009B9736 /* 1.png in Resources */ = {isa = PBXBuildFile; fileRef = 49BAC2711CA24201009B9736 /* 1.png */; };
/* End PBXBuildFile section */

/* Begin PBXContainerItemProxy section */
		49BAC2511CA23D49009B9736 /* PBXContainerItemProxy */ = {
			isa = PBXContainerItemProxy;
			containerPortal = 49BAC2341CA23D49009B9736 /* Project object */;
			proxyType = 1;
			remoteGlobalIDString = 49BAC23B1CA23D49009B9736;
			remoteInfo = SwiftLibTests;
		};
		49BAC25C1CA23D49009B9736 /* PBXContainerItemProxy */ = {
			isa = PBXContainerItemProxy;
			containerPortal = 49BAC2341CA23D49009B9736 /* Project object */;
			proxyType = 1;
			remoteGlobalIDString = 49BAC23B1CA23D49009B9736;
			remoteInfo = SwiftLibTests;
		};
/* End PBXContainerItemProxy section */

/* Begin PBXFileReference section */
		12CC91752A1B67B62BBE1AA1 /* Pods.framework */ = {isa = PBXFileReference; explicitFileType = wrapper.framework; includeInIndex = 0; path = Pods.framework; sourceTree = BUILT_PRODUCTS_DIR; };
		49BAC23C1CA23D49009B9736 /* SwiftLibTests.app */ = {isa = PBXFileReference; explicitFileType = wrapper.application; includeInIndex = 0; path = SwiftLibTests.app; sourceTree = BUILT_PRODUCTS_DIR; };
		49BAC23F1CA23D49009B9736 /* AppDelegate.swift */ = {isa = PBXFileReference; lastKnownFileType = sourcecode.swift; path = AppDelegate.swift; sourceTree = "<group>"; };
		49BAC2411CA23D49009B9736 /* ViewController.swift */ = {isa = PBXFileReference; lastKnownFileType = sourcecode.swift; path = ViewController.swift; sourceTree = "<group>"; };
		49BAC2441CA23D49009B9736 /* Base */ = {isa = PBXFileReference; lastKnownFileType = file.storyboard; name = Base; path = Base.lproj/Main.storyboard; sourceTree = "<group>"; };
		49BAC2461CA23D49009B9736 /* Assets.xcassets */ = {isa = PBXFileReference; lastKnownFileType = folder.assetcatalog; path = Assets.xcassets; sourceTree = "<group>"; };
		49BAC2491CA23D49009B9736 /* Base */ = {isa = PBXFileReference; lastKnownFileType = file.storyboard; name = Base; path = Base.lproj/LaunchScreen.storyboard; sourceTree = "<group>"; };
		49BAC24B1CA23D49009B9736 /* Info.plist */ = {isa = PBXFileReference; lastKnownFileType = text.plist.xml; path = Info.plist; sourceTree = "<group>"; };
		49BAC2501CA23D49009B9736 /* SwiftLibTestsTests.xctest */ = {isa = PBXFileReference; explicitFileType = wrapper.cfbundle; includeInIndex = 0; path = SwiftLibTestsTests.xctest; sourceTree = BUILT_PRODUCTS_DIR; };
		49BAC2541CA23D49009B9736 /* SwiftLibTestsTests.swift */ = {isa = PBXFileReference; lastKnownFileType = sourcecode.swift; path = SwiftLibTestsTests.swift; sourceTree = "<group>"; };
		49BAC2561CA23D49009B9736 /* Info.plist */ = {isa = PBXFileReference; lastKnownFileType = text.plist.xml; path = Info.plist; sourceTree = "<group>"; };
		49BAC25B1CA23D49009B9736 /* SwiftLibTestsUITests.xctest */ = {isa = PBXFileReference; explicitFileType = wrapper.cfbundle; includeInIndex = 0; path = SwiftLibTestsUITests.xctest; sourceTree = BUILT_PRODUCTS_DIR; };
		49BAC25F1CA23D49009B9736 /* SwiftLibTestsUITests.swift */ = {isa = PBXFileReference; lastKnownFileType = sourcecode.swift; path = SwiftLibTestsUITests.swift; sourceTree = "<group>"; };
		49BAC2611CA23D49009B9736 /* Info.plist */ = {isa = PBXFileReference; lastKnownFileType = text.plist.xml; path = Info.plist; sourceTree = "<group>"; };
		49BAC26D1CA23ED9009B9736 /* TLKeyboardUtil_Swift.framework */ = {isa = PBXFileReference; lastKnownFileType = wrapper.framework; name = TLKeyboardUtil_Swift.framework; path = "Pods/../build/Debug-iphoneos/TLKeyboardUtil_Swift.framework"; sourceTree = "<group>"; };
		49BAC26F1CA23FED009B9736 /* Kingfisher.framework */ = {isa = PBXFileReference; lastKnownFileType = wrapper.framework; name = Kingfisher.framework; path = "Pods/../build/Debug-iphoneos/Kingfisher.framework"; sourceTree = "<group>"; };
		49BAC2711CA24201009B9736 /* 1.png */ = {isa = PBXFileReference; lastKnownFileType = image.png; path = 1.png; sourceTree = "<group>"; };
		7039995956D8DF5041FB4AE1 /* Pods.debug.xcconfig */ = {isa = PBXFileReference; includeInIndex = 1; lastKnownFileType = text.xcconfig; name = Pods.debug.xcconfig; path = "Pods/Target Support Files/Pods/Pods.debug.xcconfig"; sourceTree = "<group>"; };
		EC2005BA8D18612A22E02D32 /* Pods.release.xcconfig */ = {isa = PBXFileReference; includeInIndex = 1; lastKnownFileType = text.xcconfig; name = Pods.release.xcconfig; path = "Pods/Target Support Files/Pods/Pods.release.xcconfig"; sourceTree = "<group>"; };
/* End PBXFileReference section */

/* Begin PBXFrameworksBuildPhase section */
		49BAC2391CA23D49009B9736 /* Frameworks */ = {
			isa = PBXFrameworksBuildPhase;
			buildActionMask = 2147483647;
			files = (
				49BAC2701CA23FED009B9736 /* Kingfisher.framework in Frameworks */,
				49BAC26E1CA23ED9009B9736 /* TLKeyboardUtil_Swift.framework in Frameworks */,
				44D92BA9F1CC254BB63BEBBA /* Pods.framework in Frameworks */,
			);
			runOnlyForDeploymentPostprocessing = 0;
		};
		49BAC24D1CA23D49009B9736 /* Frameworks */ = {
			isa = PBXFrameworksBuildPhase;
			buildActionMask = 2147483647;
			files = (
			);
			runOnlyForDeploymentPostprocessing = 0;
		};
		49BAC2581CA23D49009B9736 /* Frameworks */ = {
			isa = PBXFrameworksBuildPhase;
			buildActionMask = 2147483647;
			files = (
			);
			runOnlyForDeploymentPostprocessing = 0;
		};
/* End PBXFrameworksBuildPhase section */

/* Begin PBXGroup section */
		0F5C2EB0500C16ECB1C70463 /* Pods */ = {
			isa = PBXGroup;
			children = (
				7039995956D8DF5041FB4AE1 /* Pods.debug.xcconfig */,
				EC2005BA8D18612A22E02D32 /* Pods.release.xcconfig */,
			);
			name = Pods;
			sourceTree = "<group>";
		};
		49BAC2331CA23D49009B9736 = {
			isa = PBXGroup;
			children = (
				49BAC23E1CA23D49009B9736 /* SwiftLibTests */,
				49BAC2531CA23D49009B9736 /* SwiftLibTestsTests */,
				49BAC25E1CA23D49009B9736 /* SwiftLibTestsUITests */,
				49BAC23D1CA23D49009B9736 /* Products */,
				0F5C2EB0500C16ECB1C70463 /* Pods */,
				5C9CF16F3493BB7F24590287 /* Frameworks */,
			);
			sourceTree = "<group>";
		};
		49BAC23D1CA23D49009B9736 /* Products */ = {
			isa = PBXGroup;
			children = (
				49BAC23C1CA23D49009B9736 /* SwiftLibTests.app */,
				49BAC2501CA23D49009B9736 /* SwiftLibTestsTests.xctest */,
				49BAC25B1CA23D49009B9736 /* SwiftLibTestsUITests.xctest */,
			);
			name = Products;
			sourceTree = "<group>";
		};
		49BAC23E1CA23D49009B9736 /* SwiftLibTests */ = {
			isa = PBXGroup;
			children = (
				49BAC2711CA24201009B9736 /* 1.png */,
				49BAC23F1CA23D49009B9736 /* AppDelegate.swift */,
				49BAC2411CA23D49009B9736 /* ViewController.swift */,
				49BAC2431CA23D49009B9736 /* Main.storyboard */,
				49BAC2461CA23D49009B9736 /* Assets.xcassets */,
				49BAC2481CA23D49009B9736 /* LaunchScreen.storyboard */,
				49BAC24B1CA23D49009B9736 /* Info.plist */,
			);
			path = SwiftLibTests;
			sourceTree = "<group>";
		};
		49BAC2531CA23D49009B9736 /* SwiftLibTestsTests */ = {
			isa = PBXGroup;
			children = (
				49BAC2541CA23D49009B9736 /* SwiftLibTestsTests.swift */,
				49BAC2561CA23D49009B9736 /* Info.plist */,
			);
			path = SwiftLibTestsTests;
			sourceTree = "<group>";
		};
		49BAC25E1CA23D49009B9736 /* SwiftLibTestsUITests */ = {
			isa = PBXGroup;
			children = (
				49BAC25F1CA23D49009B9736 /* SwiftLibTestsUITests.swift */,
				49BAC2611CA23D49009B9736 /* Info.plist */,
			);
			path = SwiftLibTestsUITests;
			sourceTree = "<group>";
		};
		5C9CF16F3493BB7F24590287 /* Frameworks */ = {
			isa = PBXGroup;
			children = (
				49BAC26F1CA23FED009B9736 /* Kingfisher.framework */,
				49BAC26D1CA23ED9009B9736 /* TLKeyboardUtil_Swift.framework */,
				12CC91752A1B67B62BBE1AA1 /* Pods.framework */,
			);
			name = Frameworks;
			sourceTree = "<group>";
		};
/* End PBXGroup section */

/* Begin PBXNativeTarget section */
		49BAC23B1CA23D49009B9736 /* SwiftLibTests */ = {
			isa = PBXNativeTarget;
			buildConfigurationList = 49BAC2641CA23D49009B9736 /* Build configuration list for PBXNativeTarget "SwiftLibTests" */;
			buildPhases = (
				2AFEAC47ED148CC1E617DC24 /* Check Pods Manifest.lock */,
				49BAC2381CA23D49009B9736 /* Sources */,
				49BAC2391CA23D49009B9736 /* Frameworks */,
				49BAC23A1CA23D49009B9736 /* Resources */,
				35C06AE82AFD912DAB268056 /* Embed Pods Frameworks */,
				28C4CD45FC933D162B219E4A /* Copy Pods Resources */,
			);
			buildRules = (
			);
			dependencies = (
			);
			name = SwiftLibTests;
			productName = SwiftLibTests;
			productReference = 49BAC23C1CA23D49009B9736 /* SwiftLibTests.app */;
			productType = "com.apple.product-type.application";
		};
		49BAC24F1CA23D49009B9736 /* SwiftLibTestsTests */ = {
			isa = PBXNativeTarget;
			buildConfigurationList = 49BAC2671CA23D49009B9736 /* Build configuration list for PBXNativeTarget "SwiftLibTestsTests" */;
			buildPhases = (
				49BAC24C1CA23D49009B9736 /* Sources */,
				49BAC24D1CA23D49009B9736 /* Frameworks */,
				49BAC24E1CA23D49009B9736 /* Resources */,
			);
			buildRules = (
			);
			dependencies = (
				49BAC2521CA23D49009B9736 /* PBXTargetDependency */,
			);
			name = SwiftLibTestsTests;
			productName = SwiftLibTestsTests;
			productReference = 49BAC2501CA23D49009B9736 /* SwiftLibTestsTests.xctest */;
			productType = "com.apple.product-type.bundle.unit-test";
		};
		49BAC25A1CA23D49009B9736 /* SwiftLibTestsUITests */ = {
			isa = PBXNativeTarget;
			buildConfigurationList = 49BAC26A1CA23D49009B9736 /* Build configuration list for PBXNativeTarget "SwiftLibTestsUITests" */;
			buildPhases = (
				49BAC2571CA23D49009B9736 /* Sources */,
				49BAC2581CA23D49009B9736 /* Frameworks */,
				49BAC2591CA23D49009B9736 /* Resources */,
			);
			buildRules = (
			);
			dependencies = (
				49BAC25D1CA23D49009B9736 /* PBXTargetDependency */,
			);
			name = SwiftLibTestsUITests;
			productName = SwiftLibTestsUITests;
			productReference = 49BAC25B1CA23D49009B9736 /* SwiftLibTestsUITests.xctest */;
			productType = "com.apple.product-type.bundle.ui-testing";
		};
/* End PBXNativeTarget section */

/* Begin PBXProject section */
		49BAC2341CA23D49009B9736 /* Project object */ = {
			isa = PBXProject;
			attributes = {
				LastSwiftUpdateCheck = 0720;
				LastUpgradeCheck = 0720;
				ORGANIZATIONNAME = Andrew;
				TargetAttributes = {
					49BAC23B1CA23D49009B9736 = {
						CreatedOnToolsVersion = 7.2;
					};
					49BAC24F1CA23D49009B9736 = {
						CreatedOnToolsVersion = 7.2;
						TestTargetID = 49BAC23B1CA23D49009B9736;
					};
					49BAC25A1CA23D49009B9736 = {
						CreatedOnToolsVersion = 7.2;
						TestTargetID = 49BAC23B1CA23D49009B9736;
					};
				};
			};
			buildConfigurationList = 49BAC2371CA23D49009B9736 /* Build configuration list for PBXProject "SwiftLibTests" */;
			compatibilityVersion = "Xcode 3.2";
			developmentRegion = English;
			hasScannedForEncodings = 0;
			knownRegions = (
				en,
				Base,
			);
			mainGroup = 49BAC2331CA23D49009B9736;
			productRefGroup = 49BAC23D1CA23D49009B9736 /* Products */;
			projectDirPath = "";
			projectRoot = "";
			targets = (
				49BAC23B1CA23D49009B9736 /* SwiftLibTests */,
				49BAC24F1CA23D49009B9736 /* SwiftLibTestsTests */,
				49BAC25A1CA23D49009B9736 /* SwiftLibTestsUITests */,
			);
		};
/* End PBXProject section */

/* Begin PBXResourcesBuildPhase section */
		49BAC23A1CA23D49009B9736 /* Resources */ = {
			isa = PBXResourcesBuildPhase;
			buildActionMask = 2147483647;
			files = (
				49BAC2721CA24201009B9736 /* 1.png in Resources */,
				49BAC24A1CA23D49009B9736 /* LaunchScreen.storyboard in Resources */,
				49BAC2471CA23D49009B9736 /* Assets.xcassets in Resources */,
				49BAC2451CA23D49009B9736 /* Main.storyboard in Resources */,
			);
			runOnlyForDeploymentPostprocessing = 0;
		};
		49BAC24E1CA23D49009B9736 /* Resources */ = {
			isa = PBXResourcesBuildPhase;
			buildActionMask = 2147483647;
			files = (
			);
			runOnlyForDeploymentPostprocessing = 0;
		};
		49BAC2591CA23D49009B9736 /* Resources */ = {
			isa = PBXResourcesBuildPhase;
			buildActionMask = 2147483647;
			files = (
			);
			runOnlyForDeploymentPostprocessing = 0;
		};
/* End PBXResourcesBuildPhase section */

/* Begin PBXShellScriptBuildPhase section */
		28C4CD45FC933D162B219E4A /* Copy Pods Resources */ = {
			isa = PBXShellScriptBuildPhase;
			buildActionMask = 2147483647;
			files = (
			);
			inputPaths = (
			);
			name = "Copy Pods Resources";
			outputPaths = (
			);
			runOnlyForDeploymentPostprocessing = 0;
			shellPath = /bin/sh;
			shellScript = "\"${SRCROOT}/Pods/Target Support Files/Pods/Pods-resources.sh\"\n";
			showEnvVarsInLog = 0;
		};
		2AFEAC47ED148CC1E617DC24 /* Check Pods Manifest.lock */ = {
			isa = PBXShellScriptBuildPhase;
			buildActionMask = 2147483647;
			files = (
			);
			inputPaths = (
			);
			name = "Check Pods Manifest.lock";
			outputPaths = (
			);
			runOnlyForDeploymentPostprocessing = 0;
			shellPath = /bin/sh;
			shellScript = "diff \"${PODS_ROOT}/../Podfile.lock\" \"${PODS_ROOT}/Manifest.lock\" > /dev/null\nif [[ $? != 0 ]] ; then\n    cat << EOM\nerror: The sandbox is not in sync with the Podfile.lock. Run 'pod install' or update your CocoaPods installation.\nEOM\n    exit 1\nfi\n";
			showEnvVarsInLog = 0;
		};
		35C06AE82AFD912DAB268056 /* Embed Pods Frameworks */ = {
			isa = PBXShellScriptBuildPhase;
			buildActionMask = 2147483647;
			files = (
			);
			inputPaths = (
			);
			name = "Embed Pods Frameworks";
			outputPaths = (
			);
			runOnlyForDeploymentPostprocessing = 0;
			shellPath = /bin/sh;
			shellScript = "\"${SRCROOT}/Pods/Target Support Files/Pods/Pods-frameworks.sh\"\n";
			showEnvVarsInLog = 0;
		};
/* End PBXShellScriptBuildPhase section */

/* Begin PBXSourcesBuildPhase section */
		49BAC2381CA23D49009B9736 /* Sources */ = {
			isa = PBXSourcesBuildPhase;
			buildActionMask = 2147483647;
			files = (
				49BAC2421CA23D49009B9736 /* ViewController.swift in Sources */,
				49BAC2401CA23D49009B9736 /* AppDelegate.swift in Sources */,
			);
			runOnlyForDeploymentPostprocessing = 0;
		};
		49BAC24C1CA23D49009B9736 /* Sources */ = {
			isa = PBXSourcesBuildPhase;
			buildActionMask = 2147483647;
			files = (
				49BAC2551CA23D49009B9736 /* SwiftLibTestsTests.swift in Sources */,
			);
			runOnlyForDeploymentPostprocessing = 0;
		};
		49BAC2571CA23D49009B9736 /* Sources */ = {
			isa = PBXSourcesBuildPhase;
			buildActionMask = 2147483647;
			files = (
				49BAC2601CA23D49009B9736 /* SwiftLibTestsUITests.swift in Sources */,
			);
			runOnlyForDeploymentPostprocessing = 0;
		};
/* End PBXSourcesBuildPhase section */

/* Begin PBXTargetDependency section */
		49BAC2521CA23D49009B9736 /* PBXTargetDependency */ = {
			isa = PBXTargetDependency;
			target = 49BAC23B1CA23D49009B9736 /* SwiftLibTests */;
			targetProxy = 49BAC2511CA23D49009B9736 /* PBXContainerItemProxy */;
		};
		49BAC25D1CA23D49009B9736 /* PBXTargetDependency */ = {
			isa = PBXTargetDependency;
			target = 49BAC23B1CA23D49009B9736 /* SwiftLibTests */;
			targetProxy = 49BAC25C1CA23D49009B9736 /* PBXContainerItemProxy */;
		};
/* End PBXTargetDependency section */

/* Begin PBXVariantGroup section */
		49BAC2431CA23D49009B9736 /* Main.storyboard */ = {
			isa = PBXVariantGroup;
			children = (
				49BAC2441CA23D49009B9736 /* Base */,
			);
			name = Main.storyboard;
			sourceTree = "<group>";
		};
		49BAC2481CA23D49009B9736 /* LaunchScreen.storyboard */ = {
			isa = PBXVariantGroup;
			children = (
				49BAC2491CA23D49009B9736 /* Base */,
			);
			name = LaunchScreen.storyboard;
			sourceTree = "<group>";
		};
/* End PBXVariantGroup section */

/* Begin XCBuildConfiguration section */
		49BAC2621CA23D49009B9736 /* Debug */ = {
			isa = XCBuildConfiguration;
			buildSettings = {
				ALWAYS_SEARCH_USER_PATHS = NO;
				CLANG_CXX_LANGUAGE_STANDARD = "gnu++0x";
				CLANG_CXX_LIBRARY = "libc++";
				CLANG_ENABLE_MODULES = YES;
				CLANG_ENABLE_OBJC_ARC = YES;
				CLANG_WARN_BOOL_CONVERSION = YES;
				CLANG_WARN_CONSTANT_CONVERSION = YES;
				CLANG_WARN_DIRECT_OBJC_ISA_USAGE = YES_ERROR;
				CLANG_WARN_EMPTY_BODY = YES;
				CLANG_WARN_ENUM_CONVERSION = YES;
				CLANG_WARN_INT_CONVERSION = YES;
				CLANG_WARN_OBJC_ROOT_CLASS = YES_ERROR;
				CLANG_WARN_UNREACHABLE_CODE = YES;
				CLANG_WARN__DUPLICATE_METHOD_MATCH = YES;
				"CODE_SIGN_IDENTITY[sdk=iphoneos*]" = "iPhone Developer";
				COPY_PHASE_STRIP = NO;
				DEBUG_INFORMATION_FORMAT = dwarf;
				ENABLE_STRICT_OBJC_MSGSEND = YES;
				ENABLE_TESTABILITY = YES;
				GCC_C_LANGUAGE_STANDARD = gnu99;
				GCC_DYNAMIC_NO_PIC = NO;
				GCC_NO_COMMON_BLOCKS = YES;
				GCC_OPTIMIZATION_LEVEL = 0;
				GCC_PREPROCESSOR_DEFINITIONS = (
					"DEBUG=1",
					"$(inherited)",
				);
				GCC_WARN_64_TO_32_BIT_CONVERSION = YES;
				GCC_WARN_ABOUT_RETURN_TYPE = YES_ERROR;
				GCC_WARN_UNDECLARED_SELECTOR = YES;
				GCC_WARN_UNINITIALIZED_AUTOS = YES_AGGRESSIVE;
				GCC_WARN_UNUSED_FUNCTION = YES;
				GCC_WARN_UNUSED_VARIABLE = YES;
				IPHONEOS_DEPLOYMENT_TARGET = 9.2;
				MTL_ENABLE_DEBUG_INFO = YES;
				ONLY_ACTIVE_ARCH = YES;
				SDKROOT = iphoneos;
				SWIFT_OPTIMIZATION_LEVEL = "-Onone";
			};
			name = Debug;
		};
		49BAC2631CA23D49009B9736 /* Release */ = {
			isa = XCBuildConfiguration;
			buildSettings = {
				ALWAYS_SEARCH_USER_PATHS = NO;
				CLANG_CXX_LANGUAGE_STANDARD = "gnu++0x";
				CLANG_CXX_LIBRARY = "libc++";
				CLANG_ENABLE_MODULES = YES;
				CLANG_ENABLE_OBJC_ARC = YES;
				CLANG_WARN_BOOL_CONVERSION = YES;
				CLANG_WARN_CONSTANT_CONVERSION = YES;
				CLANG_WARN_DIRECT_OBJC_ISA_USAGE = YES_ERROR;
				CLANG_WARN_EMPTY_BODY = YES;
				CLANG_WARN_ENUM_CONVERSION = YES;
				CLANG_WARN_INT_CONVERSION = YES;
				CLANG_WARN_OBJC_ROOT_CLASS = YES_ERROR;
				CLANG_WARN_UNREACHABLE_CODE = YES;
				CLANG_WARN__DUPLICATE_METHOD_MATCH = YES;
				"CODE_SIGN_IDENTITY[sdk=iphoneos*]" = "iPhone Developer";
				COPY_PHASE_STRIP = NO;
				DEBUG_INFORMATION_FORMAT = "dwarf-with-dsym";
				ENABLE_NS_ASSERTIONS = NO;
				ENABLE_STRICT_OBJC_MSGSEND = YES;
				GCC_C_LANGUAGE_STANDARD = gnu99;
				GCC_NO_COMMON_BLOCKS = YES;
				GCC_WARN_64_TO_32_BIT_CONVERSION = YES;
				GCC_WARN_ABOUT_RETURN_TYPE = YES_ERROR;
				GCC_WARN_UNDECLARED_SELECTOR = YES;
				GCC_WARN_UNINITIALIZED_AUTOS = YES_AGGRESSIVE;
				GCC_WARN_UNUSED_FUNCTION = YES;
				GCC_WARN_UNUSED_VARIABLE = YES;
				IPHONEOS_DEPLOYMENT_TARGET = 9.2;
				MTL_ENABLE_DEBUG_INFO = NO;
				SDKROOT = iphoneos;
				VALIDATE_PRODUCT = YES;
			};
			name = Release;
		};
		49BAC2651CA23D49009B9736 /* Debug */ = {
			isa = XCBuildConfiguration;
			baseConfigurationReference = 7039995956D8DF5041FB4AE1 /* Pods.debug.xcconfig */;
			buildSettings = {
				ASSETCATALOG_COMPILER_APPICON_NAME = AppIcon;
				FRAMEWORK_SEARCH_PATHS = (
					"$(inherited)",
					"$(PROJECT_DIR)/build/Debug-iphoneos",
				);
				INFOPLIST_FILE = SwiftLibTests/Info.plist;
				LD_RUNPATH_SEARCH_PATHS = "$(inherited) @executable_path/Frameworks";
				PRODUCT_BUNDLE_IDENTIFIER = tl.SwiftLibTests;
				PRODUCT_NAME = "$(TARGET_NAME)";
			};
			name = Debug;
		};
		49BAC2661CA23D49009B9736 /* Release */ = {
			isa = XCBuildConfiguration;
			baseConfigurationReference = EC2005BA8D18612A22E02D32 /* Pods.release.xcconfig */;
			buildSettings = {
				ASSETCATALOG_COMPILER_APPICON_NAME = AppIcon;
				FRAMEWORK_SEARCH_PATHS = (
					"$(inherited)",
					"$(PROJECT_DIR)/build/Debug-iphoneos",
				);
				INFOPLIST_FILE = SwiftLibTests/Info.plist;
				LD_RUNPATH_SEARCH_PATHS = "$(inherited) @executable_path/Frameworks";
				PRODUCT_BUNDLE_IDENTIFIER = tl.SwiftLibTests;
				PRODUCT_NAME = "$(TARGET_NAME)";
			};
			name = Release;
		};
		49BAC2681CA23D49009B9736 /* Debug */ = {
			isa = XCBuildConfiguration;
			buildSettings = {
				BUNDLE_LOADER = "$(TEST_HOST)";
				INFOPLIST_FILE = SwiftLibTestsTests/Info.plist;
				LD_RUNPATH_SEARCH_PATHS = "$(inherited) @executable_path/Frameworks @loader_path/Frameworks";
				PRODUCT_BUNDLE_IDENTIFIER = tl.SwiftLibTestsTests;
				PRODUCT_NAME = "$(TARGET_NAME)";
				TEST_HOST = "$(BUILT_PRODUCTS_DIR)/SwiftLibTests.app/SwiftLibTests";
			};
			name = Debug;
		};
		49BAC2691CA23D49009B9736 /* Release */ = {
			isa = XCBuildConfiguration;
			buildSettings = {
				BUNDLE_LOADER = "$(TEST_HOST)";
				INFOPLIST_FILE = SwiftLibTestsTests/Info.plist;
				LD_RUNPATH_SEARCH_PATHS = "$(inherited) @executable_path/Frameworks @loader_path/Frameworks";
				PRODUCT_BUNDLE_IDENTIFIER = tl.SwiftLibTestsTests;
				PRODUCT_NAME = "$(TARGET_NAME)";
				TEST_HOST = "$(BUILT_PRODUCTS_DIR)/SwiftLibTests.app/SwiftLibTests";
			};
			name = Release;
		};
		49BAC26B1CA23D49009B9736 /* Debug */ = {
			isa = XCBuildConfiguration;
			buildSettings = {
				INFOPLIST_FILE = SwiftLibTestsUITests/Info.plist;
				LD_RUNPATH_SEARCH_PATHS = "$(inherited) @executable_path/Frameworks @loader_path/Frameworks";
				PRODUCT_BUNDLE_IDENTIFIER = tl.SwiftLibTestsUITests;
				PRODUCT_NAME = "$(TARGET_NAME)";
				TEST_TARGET_NAME = SwiftLibTests;
				USES_XCTRUNNER = YES;
			};
			name = Debug;
		};
		49BAC26C1CA23D49009B9736 /* Release */ = {
			isa = XCBuildConfiguration;
			buildSettings = {
				INFOPLIST_FILE = SwiftLibTestsUITests/Info.plist;
				LD_RUNPATH_SEARCH_PATHS = "$(inherited) @executable_path/Frameworks @loader_path/Frameworks";
				PRODUCT_BUNDLE_IDENTIFIER = tl.SwiftLibTestsUITests;
				PRODUCT_NAME = "$(TARGET_NAME)";
				TEST_TARGET_NAME = SwiftLibTests;
				USES_XCTRUNNER = YES;
			};
			name = Release;
		};
/* End XCBuildConfiguration section */

/* Begin XCConfigurationList section */
		49BAC2371CA23D49009B9736 /* Build configuration list for PBXProject "SwiftLibTests" */ = {
			isa = XCConfigurationList;
			buildConfigurations = (
				49BAC2621CA23D49009B9736 /* Debug */,
				49BAC2631CA23D49009B9736 /* Release */,
			);
			defaultConfigurationIsVisible = 0;
			defaultConfigurationName = Release;
		};
		49BAC2641CA23D49009B9736 /* Build configuration list for PBXNativeTarget "SwiftLibTests" */ = {
			isa = XCConfigurationList;
			buildConfigurations = (
				49BAC2651CA23D49009B9736 /* Debug */,
				49BAC2661CA23D49009B9736 /* Release */,
			);
			defaultConfigurationIsVisible = 0;
			defaultConfigurationName = Release;
		};
		49BAC2671CA23D49009B9736 /* Build configuration list for PBXNativeTarget "SwiftLibTestsTests" */ = {
			isa = XCConfigurationList;
			buildConfigurations = (
				49BAC2681CA23D49009B9736 /* Debug */,
				49BAC2691CA23D49009B9736 /* Release */,
			);
			defaultConfigurationIsVisible = 0;
			defaultConfigurationName = Release;
		};
		49BAC26A1CA23D49009B9736 /* Build configuration list for PBXNativeTarget "SwiftLibTestsUITests" */ = {
			isa = XCConfigurationList;
			buildConfigurations = (
				49BAC26B1CA23D49009B9736 /* Debug */,
				49BAC26C1CA23D49009B9736 /* Release */,
			);
			defaultConfigurationIsVisible = 0;
			defaultConfigurationName = Release;
		};
/* End XCConfigurationList section */
	};
	rootObject = 49BAC2341CA23D49009B9736 /* Project object */;
}
